
Microsoft Visual Studio Solution File, Format Version 12.00
# Visual Studio 15
VisualStudioVersion = 15.0.27130.2010
MinimumVisualStudioVersion = 10.0.40219.1
Project("{FAE04EC0-301F-11D3-BF4B-00C04F79EFBC}") = "SuggestionBox", "SuggestionBox\SuggestionBox.csproj", "{19DD26F3-F2FA-4FBF-A9A8-8E4694B52FEC}"
EndProject
Global
	GlobalSection(SolutionConfigurationPlatforms) = preSolution
		Debug|Any CPU = Debug|Any CPU
		Release|Any CPU = Release|Any CPU
	EndGlobalSection
	GlobalSection(ProjectConfigurationPlatforms) = postSolution
		{19DD26F3-F2FA-4FBF-A9A8-8E4694B52FEC}.Debug|Any CPU.ActiveCfg = Debug|Any CPU
		{19DD26F3-F2FA-4FBF-A9A8-8E4694B52FEC}.Debug|Any CPU.Build.0 = Debug|Any CPU
		{19DD26F3-F2FA-4FBF-A9A8-8E4694B52FEC}.Release|Any CPU.ActiveCfg = Release|Any CPU
		{19DD26F3-F2FA-4FBF-A9A8-8E4694B52FEC}.Release|Any CPU.Build.0 = Release|Any CPU
	EndGlobalSection
	GlobalSection(SolutionProperties) = preSolution
		HideSolutionNode = FALSE
	EndGlobalSection
	GlobalSection(ExtensibilityGlobals) = postSolution
		SolutionGuid = {3CB0679E-F22D-4638-BE4A-58EA58EEE412}
	EndGlobalSection
EndGlobal
